
Microsoft Visual Studio Solution File, Format Version 12.00
# Visual Studio 15
VisualStudioVersion = 15.0.28307.757
MinimumVisualStudioVersion = 10.0.40219.1
Project("{FAE04EC0-301F-11D3-BF4B-00C04F79EFBC}") = "FuelSearch.Android", "FuelSearch\FuelSearch.Android\FuelSearch.Android.csproj", "{CE12DCD0-2321-40A5-B300-09762DACB1C0}"
EndProject
Project("{FAE04EC0-301F-11D3-BF4B-00C04F79EFBC}") = "FuelSearch.iOS", "FuelSearch\FuelSearch.iOS\FuelSearch.iOS.csproj", "{37861C2E-148D-4F9D-BCF4-3A56AAB24CAE}"
EndProject
Project("{FAE04EC0-301F-11D3-BF4B-00C04F79EFBC}") = "FuelSearch", "FuelSearch\FuelSearch\FuelSearch.csproj", "{856A4DD0-2A2E-4B21-9BF8-B8E854B6C042}"
EndProject
Global
	GlobalSection(SolutionConfigurationPlatforms) = preSolution
		Ad-Hoc|Any CPU = Ad-Hoc|Any CPU
		Ad-Hoc|iPhone = Ad-Hoc|iPhone
		Ad-Hoc|iPhoneSimulator = Ad-Hoc|iPhoneSimulator
		AppStore|Any CPU = AppStore|Any CPU
		AppStore|iPhone = AppStore|iPhone
		AppStore|iPhoneSimulator = AppStore|iPhoneSimulator
		Debug|Any CPU = Debug|Any CPU
		Debug|iPhone = Debug|iPhone
		Debug|iPhoneSimulator = Debug|iPhoneSimulator
		Release|Any CPU = Release|Any CPU
		Release|iPhone = Release|iPhone
		Release|iPhoneSimulator = Release|iPhoneSimulator
	EndGlobalSection
	GlobalSection(ProjectConfigurationPlatforms) = postSolution
		{CE12DCD0-2321-40A5-B300-09762DACB1C0}.Ad-Hoc|Any CPU.ActiveCfg = Release|Any CPU
		{CE12DCD0-2321-40A5-B300-09762DACB1C0}.Ad-Hoc|Any CPU.Build.0 = Release|Any CPU
		{CE12DCD0-2321-40A5-B300-09762DACB1C0}.Ad-Hoc|Any CPU.Deploy.0 = Release|Any CPU
		{CE12DCD0-2321-40A5-B300-09762DACB1C0}.Ad-Hoc|iPhone.ActiveCfg = Release|Any CPU
		{CE12DCD0-2321-40A5-B300-09762DACB1C0}.Ad-Hoc|iPhone.Build.0 = Release|Any CPU
		{CE12DCD0-2321-40A5-B300-09762DACB1C0}.Ad-Hoc|iPhone.Deploy.0 = Release|Any CPU
		{CE12DCD0-2321-40A5-B300-09762DACB1C0}.Ad-Hoc|iPhoneSimulator.ActiveCfg = Release|Any CPU
		{CE12DCD0-2321-40A5-B300-09762DACB1C0}.Ad-Hoc|iPhoneSimulator.Build.0 = Release|Any CPU
		{CE12DCD0-2321-40A5-B300-09762DACB1C0}.Ad-Hoc|iPhoneSimulator.Deploy.0 = Release|Any CPU
		{CE12DCD0-2321-40A5-B300-09762DACB1C0}.AppStore|Any CPU.ActiveCfg = Release|Any CPU
		{CE12DCD0-2321-40A5-B300-09762DACB1C0}.AppStore|Any CPU.Build.0 = Release|Any CPU
		{CE12DCD0-2321-40A5-B300-09762DACB1C0}.AppStore|Any CPU.Deploy.0 = Release|Any CPU
		{CE12DCD0-2321-40A5-B300-09762DACB1C0}.AppStore|iPhone.ActiveCfg = Release|Any CPU
		{CE12DCD0-2321-40A5-B300-09762DACB1C0}.AppStore|iPhone.Build.0 = Release|Any CPU
		{CE12DCD0-2321-40A5-B300-09762DACB1C0}.AppStore|iPhone.Deploy.0 = Release|Any CPU
		{CE12DCD0-2321-40A5-B300-09762DACB1C0}.AppStore|iPhoneSimulator.ActiveCfg = Release|Any CPU
		{CE12DCD0-2321-40A5-B300-09762DACB1C0}.AppStore|iPhoneSimulator.Build.0 = Release|Any CPU
		{CE12DCD0-2321-40A5-B300-09762DACB1C0}.AppStore|iPhoneSimulator.Deploy.0 = Release|Any CPU
		{CE12DCD0-2321-40A5-B300-09762DACB1C0}.Debug|Any CPU.ActiveCfg = Debug|Any CPU
		{CE12DCD0-2321-40A5-B300-09762DACB1C0}.Debug|Any CPU.Build.0 = Debug|Any CPU
		{CE12DCD0-2321-40A5-B300-09762DACB1C0}.Debug|Any CPU.Deploy.0 = Debug|Any CPU
		{CE12DCD0-2321-40A5-B300-09762DACB1C0}.Debug|iPhone.ActiveCfg = Debug|Any CPU
		{CE12DCD0-2321-40A5-B300-09762DACB1C0}.Debug|iPhone.Build.0 = Debug|Any CPU
		{CE12DCD0-2321-40A5-B300-09762DACB1C0}.Debug|iPhone.Deploy.0 = Debug|Any CPU
		{CE12DCD0-2321-40A5-B300-09762DACB1C0}.Debug|iPhoneSimulator.ActiveCfg = Debug|Any CPU
		{CE12DCD0-2321-40A5-B300-09762DACB1C0}.Debug|iPhoneSimulator.Build.0 = Debug|Any CPU
		{CE12DCD0-2321-40A5-B300-09762DACB1C0}.Debug|iPhoneSimulator.Deploy.0 = Debug|Any CPU
		{CE12DCD0-2321-40A5-B300-09762DACB1C0}.Release|Any CPU.ActiveCfg = Release|Any CPU
		{CE12DCD0-2321-40A5-B300-09762DACB1C0}.Release|Any CPU.Build.0 = Release|Any CPU
		{CE12DCD0-2321-40A5-B300-09762DACB1C0}.Release|Any CPU.Deploy.0 = Release|Any CPU
		{CE12DCD0-2321-40A5-B300-09762DACB1C0}.Release|iPhone.ActiveCfg = Release|Any CPU
		{CE12DCD0-2321-40A5-B300-09762DACB1C0}.Release|iPhone.Build.0 = Release|Any CPU
		{CE12DCD0-2321-40A5-B300-09762DACB1C0}.Release|iPhone.Deploy.0 = Release|Any CPU
		{CE12DCD0-2321-40A5-B300-09762DACB1C0}.Release|iPhoneSimulator.ActiveCfg = Release|Any CPU
		{CE12DCD0-2321-40A5-B300-09762DACB1C0}.Release|iPhoneSimulator.Build.0 = Release|Any CPU
		{CE12DCD0-2321-40A5-B300-09762DACB1C0}.Release|iPhoneSimulator.Deploy.0 = Release|Any CPU
		{37861C2E-148D-4F9D-BCF4-3A56AAB24CAE}.Ad-Hoc|Any CPU.ActiveCfg = Ad-Hoc|iPhone
		{37861C2E-148D-4F9D-BCF4-3A56AAB24CAE}.Ad-Hoc|Any CPU.Build.0 = Ad-Hoc|iPhone
		{37861C2E-148D-4F9D-BCF4-3A56AAB24CAE}.Ad-Hoc|Any CPU.Deploy.0 = Ad-Hoc|iPhone
		{37861C2E-148D-4F9D-BCF4-3A56AAB24CAE}.Ad-Hoc|iPhone.ActiveCfg = Ad-Hoc|iPhone
		{37861C2E-148D-4F9D-BCF4-3A56AAB24CAE}.Ad-Hoc|iPhone.Build.0 = Ad-Hoc|iPhone
		{37861C2E-148D-4F9D-BCF4-3A56AAB24CAE}.Ad-Hoc|iPhone.Deploy.0 = Ad-Hoc|iPhone
		{37861C2E-148D-4F9D-BCF4-3A56AAB24CAE}.Ad-Hoc|iPhoneSimulator.ActiveCfg = Ad-Hoc|iPhoneSimulator
		{37861C2E-148D-4F9D-BCF4-3A56AAB24CAE}.Ad-Hoc|iPhoneSimulator.Build.0 = Ad-Hoc|iPhoneSimulator
		{37861C2E-148D-4F9D-BCF4-3A56AAB24CAE}.Ad-Hoc|iPhoneSimulator.Deploy.0 = Ad-Hoc|iPhoneSimulator
		{37861C2E-148D-4F9D-BCF4-3A56AAB24CAE}.AppStore|Any CPU.ActiveCfg = AppStore|iPhone
		{37861C2E-148D-4F9D-BCF4-3A56AAB24CAE}.AppStore|Any CPU.Build.0 = AppStore|iPhone
		{37861C2E-148D-4F9D-BCF4-3A56AAB24CAE}.AppStore|Any CPU.Deploy.0 = AppStore|iPhone
		{37861C2E-148D-4F9D-BCF4-3A56AAB24CAE}.AppStore|iPhone.ActiveCfg = AppStore|iPhone
		{37861C2E-148D-4F9D-BCF4-3A56AAB24CAE}.AppStore|iPhone.Build.0 = AppStore|iPhone
		{37861C2E-148D-4F9D-BCF4-3A56AAB24CAE}.AppStore|iPhone.Deploy.0 = AppStore|iPhone
		{37861C2E-148D-4F9D-BCF4-3A56AAB24CAE}.AppStore|iPhoneSimulator.ActiveCfg = AppStore|iPhoneSimulator
		{37861C2E-148D-4F9D-BCF4-3A56AAB24CAE}.AppStore|iPhoneSimulator.Build.0 = AppStore|iPhoneSimulator
		{37861C2E-148D-4F9D-BCF4-3A56AAB24CAE}.AppStore|iPhoneSimulator.Deploy.0 = AppStore|iPhoneSimulator
		{37861C2E-148D-4F9D-BCF4-3A56AAB24CAE}.Debug|Any CPU.ActiveCfg = Debug|iPhoneSimulator
		{37861C2E-148D-4F9D-BCF4-3A56AAB24CAE}.Debug|Any CPU.Build.0 = Debug|iPhoneSimulator
		{37861C2E-148D-4F9D-BCF4-3A56AAB24CAE}.Debug|Any CPU.Deploy.0 = Debug|iPhoneSimulator
		{37861C2E-148D-4F9D-BCF4-3A56AAB24CAE}.Debug|iPhone.ActiveCfg = Debug|iPhone
		{37861C2E-148D-4F9D-BCF4-3A56AAB24CAE}.Debug|iPhone.Build.0 = Debug|iPhone
		{37861C2E-148D-4F9D-BCF4-3A56AAB24CAE}.Debug|iPhone.Deploy.0 = Debug|iPhone
		{37861C2E-148D-4F9D-BCF4-3A56AAB24CAE}.Debug|iPhoneSimulator.ActiveCfg = Debug|iPhoneSimulator
		{37861C2E-148D-4F9D-BCF4-3A56AAB24CAE}.Debug|iPhoneSimulator.Build.0 = Debug|iPhoneSimulator
		{37861C2E-148D-4F9D-BCF4-3A56AAB24CAE}.Debug|iPhoneSimulator.Deploy.0 = Debug|iPhoneSimulator
		{37861C2E-148D-4F9D-BCF4-3A56AAB24CAE}.Release|Any CPU.ActiveCfg = Release|iPhone
		{37861C2E-148D-4F9D-BCF4-3A56AAB24CAE}.Release|Any CPU.Build.0 = Release|iPhone
		{37861C2E-148D-4F9D-BCF4-3A56AAB24CAE}.Release|Any CPU.Deploy.0 = Release|iPhone
		{37861C2E-148D-4F9D-BCF4-3A56AAB24CAE}.Release|iPhone.ActiveCfg = Release|iPhone
		{37861C2E-148D-4F9D-BCF4-3A56AAB24CAE}.Release|iPhone.Build.0 = Release|iPhone
		{37861C2E-148D-4F9D-BCF4-3A56AAB24CAE}.Release|iPhone.Deploy.0 = Release|iPhone
		{37861C2E-148D-4F9D-BCF4-3A56AAB24CAE}.Release|iPhoneSimulator.ActiveCfg = Release|iPhoneSimulator
		{37861C2E-148D-4F9D-BCF4-3A56AAB24CAE}.Release|iPhoneSimulator.Build.0 = Release|iPhoneSimulator
		{37861C2E-148D-4F9D-BCF4-3A56AAB24CAE}.Release|iPhoneSimulator.Deploy.0 = Release|iPhoneSimulator
		{856A4DD0-2A2E-4B21-9BF8-B8E854B6C042}.Ad-Hoc|Any CPU.ActiveCfg = Debug|Any CPU
		{856A4DD0-2A2E-4B21-9BF8-B8E854B6C042}.Ad-Hoc|Any CPU.Build.0 = Debug|Any CPU
		{856A4DD0-2A2E-4B21-9BF8-B8E854B6C042}.Ad-Hoc|Any CPU.Deploy.0 = Debug|Any CPU
		{856A4DD0-2A2E-4B21-9BF8-B8E854B6C042}.Ad-Hoc|iPhone.ActiveCfg = Debug|Any CPU
		{856A4DD0-2A2E-4B21-9BF8-B8E854B6C042}.Ad-Hoc|iPhone.Build.0 = Debug|Any CPU
		{856A4DD0-2A2E-4B21-9BF8-B8E854B6C042}.Ad-Hoc|iPhone.Deploy.0 = Debug|Any CPU
		{856A4DD0-2A2E-4B21-9BF8-B8E854B6C042}.Ad-Hoc|iPhoneSimulator.ActiveCfg = Debug|Any CPU
		{856A4DD0-2A2E-4B21-9BF8-B8E854B6C042}.Ad-Hoc|iPhoneSimulator.Build.0 = Debug|Any CPU
		{856A4DD0-2A2E-4B21-9BF8-B8E854B6C042}.Ad-Hoc|iPhoneSimulator.Deploy.0 = Debug|Any CPU
		{856A4DD0-2A2E-4B21-9BF8-B8E854B6C042}.AppStore|Any CPU.ActiveCfg = Debug|Any CPU
		{856A4DD0-2A2E-4B21-9BF8-B8E854B6C042}.AppStore|Any CPU.Build.0 = Debug|Any CPU
		{856A4DD0-2A2E-4B21-9BF8-B8E854B6C042}.AppStore|Any CPU.Deploy.0 = Debug|Any CPU
		{856A4DD0-2A2E-4B21-9BF8-B8E854B6C042}.AppStore|iPhone.ActiveCfg = Debug|Any CPU
		{856A4DD0-2A2E-4B21-9BF8-B8E854B6C042}.AppStore|iPhone.Build.0 = Debug|Any CPU
		{856A4DD0-2A2E-4B21-9BF8-B8E854B6C042}.AppStore|iPhone.Deploy.0 = Debug|Any CPU
		{856A4DD0-2A2E-4B21-9BF8-B8E854B6C042}.AppStore|iPhoneSimulator.ActiveCfg = Debug|Any CPU
		{856A4DD0-2A2E-4B21-9BF8-B8E854B6C042}.AppStore|iPhoneSimulator.Build.0 = Debug|Any CPU
		{856A4DD0-2A2E-4B21-9BF8-B8E854B6C042}.AppStore|iPhoneSimulator.Deploy.0 = Debug|Any CPU
		{856A4DD0-2A2E-4B21-9BF8-B8E854B6C042}.Debug|Any CPU.ActiveCfg = Debug|Any CPU
		{856A4DD0-2A2E-4B21-9BF8-B8E854B6C042}.Debug|Any CPU.Build.0 = Debug|Any CPU
		{856A4DD0-2A2E-4B21-9BF8-B8E854B6C042}.Debug|Any CPU.Deploy.0 = Debug|Any CPU
		{856A4DD0-2A2E-4B21-9BF8-B8E854B6C042}.Debug|iPhone.ActiveCfg = Debug|Any CPU
		{856A4DD0-2A2E-4B21-9BF8-B8E854B6C042}.Debug|iPhone.Build.0 = Debug|Any CPU
		{856A4DD0-2A2E-4B21-9BF8-B8E854B6C042}.Debug|iPhone.Deploy.0 = Debug|Any CPU
		{856A4DD0-2A2E-4B21-9BF8-B8E854B6C042}.Debug|iPhoneSimulator.ActiveCfg = Debug|Any CPU
		{856A4DD0-2A2E-4B21-9BF8-B8E854B6C042}.Debug|iPhoneSimulator.Build.0 = Debug|Any CPU
		{856A4DD0-2A2E-4B21-9BF8-B8E854B6C042}.Debug|iPhoneSimulator.Deploy.0 = Debug|Any CPU
		{856A4DD0-2A2E-4B21-9BF8-B8E854B6C042}.Release|Any CPU.ActiveCfg = Release|Any CPU
		{856A4DD0-2A2E-4B21-9BF8-B8E854B6C042}.Release|Any CPU.Build.0 = Release|Any CPU
		{856A4DD0-2A2E-4B21-9BF8-B8E854B6C042}.Release|Any CPU.Deploy.0 = Release|Any CPU
		{856A4DD0-2A2E-4B21-9BF8-B8E854B6C042}.Release|iPhone.ActiveCfg = Release|Any CPU
		{856A4DD0-2A2E-4B21-9BF8-B8E854B6C042}.Release|iPhone.Build.0 = Release|Any CPU
		{856A4DD0-2A2E-4B21-9BF8-B8E854B6C042}.Release|iPhone.Deploy.0 = Release|Any CPU
		{856A4DD0-2A2E-4B21-9BF8-B8E854B6C042}.Release|iPhoneSimulator.ActiveCfg = Release|Any CPU
		{856A4DD0-2A2E-4B21-9BF8-B8E854B6C042}.Release|iPhoneSimulator.Build.0 = Release|Any CPU
		{856A4DD0-2A2E-4B21-9BF8-B8E854B6C042}.Release|iPhoneSimulator.Deploy.0 = Release|Any CPU
	EndGlobalSection
	GlobalSection(SolutionProperties) = preSolution
		HideSolutionNode = FALSE
	EndGlobalSection
	GlobalSection(ExtensibilityGlobals) = postSolution
		SolutionGuid = {8E8B7E92-0639-4E12-AC29-2245BD703275}
	EndGlobalSection
EndGlobal
